
Microsoft Visual Studio Solution File, Format Version 12.00
# Visual Studio Version 17
VisualStudioVersion = 17.0.31903.59
MinimumVisualStudioVersion = 10.0.40219.1
Project("{2150E333-8FDC-42A3-9474-1A3956D46DE8}") = "src", "src", "{827E0CD3-B72D-47B6-A68D-7590B98EB39B}"
EndProject
Project("{FAE04EC0-301F-11D3-BF4B-00C04F79EFBC}") = "ParallelCompare.App", "src\ParallelCompare.App\ParallelCompare.App.csproj", "{14527BDC-7947-4E7E-9496-2081FE959247}"
EndProject
Project("{FAE04EC0-301F-11D3-BF4B-00C04F79EFBC}") = "ParallelCompare.Core", "src\ParallelCompare.Core\ParallelCompare.Core.csproj", "{C8274295-6390-4EFF-B36A-98FAB09B141A}"
EndProject
Project("{2150E333-8FDC-42A3-9474-1A3956D46DE8}") = "tests", "tests", "{0AB3BF05-4346-4AA6-1389-037BE0695223}"
EndProject
Project("{FAE04EC0-301F-11D3-BF4B-00C04F79EFBC}") = "ParallelCompare.Tests", "tests\ParallelCompare.Tests\ParallelCompare.Tests.csproj", "{FD64013B-2C0D-46BA-A437-673169E95657}"
EndProject
Global
	GlobalSection(SolutionConfigurationPlatforms) = preSolution
		Debug|Any CPU = Debug|Any CPU
		Debug|x64 = Debug|x64
		Debug|x86 = Debug|x86
		Release|Any CPU = Release|Any CPU
		Release|x64 = Release|x64
		Release|x86 = Release|x86
	EndGlobalSection
	GlobalSection(ProjectConfigurationPlatforms) = postSolution
		{14527BDC-7947-4E7E-9496-2081FE959247}.Debug|Any CPU.ActiveCfg = Debug|Any CPU
		{14527BDC-7947-4E7E-9496-2081FE959247}.Debug|Any CPU.Build.0 = Debug|Any CPU
		{14527BDC-7947-4E7E-9496-2081FE959247}.Debug|x64.ActiveCfg = Debug|Any CPU
		{14527BDC-7947-4E7E-9496-2081FE959247}.Debug|x64.Build.0 = Debug|Any CPU
		{14527BDC-7947-4E7E-9496-2081FE959247}.Debug|x86.ActiveCfg = Debug|Any CPU
		{14527BDC-7947-4E7E-9496-2081FE959247}.Debug|x86.Build.0 = Debug|Any CPU
		{14527BDC-7947-4E7E-9496-2081FE959247}.Release|Any CPU.ActiveCfg = Release|Any CPU
		{14527BDC-7947-4E7E-9496-2081FE959247}.Release|Any CPU.Build.0 = Release|Any CPU
		{14527BDC-7947-4E7E-9496-2081FE959247}.Release|x64.ActiveCfg = Release|Any CPU
		{14527BDC-7947-4E7E-9496-2081FE959247}.Release|x64.Build.0 = Release|Any CPU
		{14527BDC-7947-4E7E-9496-2081FE959247}.Release|x86.ActiveCfg = Release|Any CPU
		{14527BDC-7947-4E7E-9496-2081FE959247}.Release|x86.Build.0 = Release|Any CPU
		{C8274295-6390-4EFF-B36A-98FAB09B141A}.Debug|Any CPU.ActiveCfg = Debug|Any CPU
		{C8274295-6390-4EFF-B36A-98FAB09B141A}.Debug|Any CPU.Build.0 = Debug|Any CPU
		{C8274295-6390-4EFF-B36A-98FAB09B141A}.Debug|x64.ActiveCfg = Debug|Any CPU
		{C8274295-6390-4EFF-B36A-98FAB09B141A}.Debug|x64.Build.0 = Debug|Any CPU
		{C8274295-6390-4EFF-B36A-98FAB09B141A}.Debug|x86.ActiveCfg = Debug|Any CPU
		{C8274295-6390-4EFF-B36A-98FAB09B141A}.Debug|x86.Build.0 = Debug|Any CPU
		{C8274295-6390-4EFF-B36A-98FAB09B141A}.Release|Any CPU.ActiveCfg = Release|Any CPU
		{C8274295-6390-4EFF-B36A-98FAB09B141A}.Release|Any CPU.Build.0 = Release|Any CPU
		{C8274295-6390-4EFF-B36A-98FAB09B141A}.Release|x64.ActiveCfg = Release|Any CPU
		{C8274295-6390-4EFF-B36A-98FAB09B141A}.Release|x64.Build.0 = Release|Any CPU
		{C8274295-6390-4EFF-B36A-98FAB09B141A}.Release|x86.ActiveCfg = Release|Any CPU
		{C8274295-6390-4EFF-B36A-98FAB09B141A}.Release|x86.Build.0 = Release|Any CPU
		{FD64013B-2C0D-46BA-A437-673169E95657}.Debug|Any CPU.ActiveCfg = Debug|Any CPU
		{FD64013B-2C0D-46BA-A437-673169E95657}.Debug|Any CPU.Build.0 = Debug|Any CPU
		{FD64013B-2C0D-46BA-A437-673169E95657}.Debug|x64.ActiveCfg = Debug|Any CPU
		{FD64013B-2C0D-46BA-A437-673169E95657}.Debug|x64.Build.0 = Debug|Any CPU
		{FD64013B-2C0D-46BA-A437-673169E95657}.Debug|x86.ActiveCfg = Debug|Any CPU
		{FD64013B-2C0D-46BA-A437-673169E95657}.Debug|x86.Build.0 = Debug|Any CPU
		{FD64013B-2C0D-46BA-A437-673169E95657}.Release|Any CPU.ActiveCfg = Release|Any CPU
		{FD64013B-2C0D-46BA-A437-673169E95657}.Release|Any CPU.Build.0 = Release|Any CPU
		{FD64013B-2C0D-46BA-A437-673169E95657}.Release|x64.ActiveCfg = Release|Any CPU
		{FD64013B-2C0D-46BA-A437-673169E95657}.Release|x64.Build.0 = Release|Any CPU
		{FD64013B-2C0D-46BA-A437-673169E95657}.Release|x86.ActiveCfg = Release|Any CPU
		{FD64013B-2C0D-46BA-A437-673169E95657}.Release|x86.Build.0 = Release|Any CPU
	EndGlobalSection
	GlobalSection(SolutionProperties) = preSolution
		HideSolutionNode = FALSE
	EndGlobalSection
	GlobalSection(NestedProjects) = preSolution
		{14527BDC-7947-4E7E-9496-2081FE959247} = {827E0CD3-B72D-47B6-A68D-7590B98EB39B}
		{C8274295-6390-4EFF-B36A-98FAB09B141A} = {827E0CD3-B72D-47B6-A68D-7590B98EB39B}
		{FD64013B-2C0D-46BA-A437-673169E95657} = {0AB3BF05-4346-4AA6-1389-037BE0695223}
	EndGlobalSection
EndGlobal
